github.com/gorilla/websocket v1.4.1 h1:q7AeDBpnBk8AogcD4DSag/Ukw/KV+YhzLj2bP5HvKCM=
github.com/gorilla/websocket v1.4.1/go.mod h1:YR8l580nyteQvAITg2hZ9XVh4b55+EU/adAjf1fMHhE=
github.com/romenrf/websocket v0.0.0-20200311092251-e4129d666e27 h1:ERY8bpdJzHttitzg76ZuvWMUTM+ZeQX5lt4KQZsW7Y8=
github.com/romenrf/websocket v0.0.0-20200311092251-e4129d666e27/go.mod h1:CbD5qmJZASsR7JXc5/zTXI9X6GgGMD7hQO5TdGTiWyw=
